{
    "name": "clipcc-extension-editmr-googlefont",
    "version": "1.0.0",
    "lockfileVersion": 2,
    "requires": true,
    "packages": {
        "": {
            "name": "clipcc-extension-editmr-googlefont",
            "version": "1.0.0",
            "dependencies": {
                "clipcc-extension": "^0.2.0"
            }
        },
        "node_modules/clipcc-extension": {
            "version": "0.2.0",
            "resolved": "https://registry.npmjs.org/clipcc-extension/-/clipcc-extension-0.2.0.tgz",
            "integrity": "sha512-Oqu26y37Ncavogm9DR42nm7tXT3GZj4UJFVHM39GZ31agiTCyjZdRckXlfT/Dg6hohotiyTz5MxoL2OKa+Sxeg=="
        }
    },
    "dependencies": {
        "clipcc-extension": {
            "version": "0.2.0",
            "resolved": "https://registry.npmjs.org/clipcc-extension/-/clipcc-extension-0.2.0.tgz",
            "integrity": "sha512-Oqu26y37Ncavogm9DR42nm7tXT3GZj4UJFVHM39GZ31agiTCyjZdRckXlfT/Dg6hohotiyTz5MxoL2OKa+Sxeg=="
        }
    }
}
